Microsoft Visual Studio Solution File, Format Version 11.00
# Visual Studio 2008

Project("{B7163E72-D1CB-8442-3623-EE8351598C46}") = "WIP-game", "Assembly-CSharp-firstpass.csproj", "{C093BBD1-FFFC-0907-EE0C-EF29B9DBA11B}"
EndProject
Project("{B7163E72-D1CB-8442-3623-EE8351598C46}") = "WIP-game", "Assembly-CSharp.csproj", "{75899515-46CD-E8AC-A634-2D6EB43893D4}"
EndProject
Project("{B7163E72-D1CB-8442-3623-EE8351598C46}") = "WIP-game", "Assembly-UnityScript-firstpass.unityproj", "{E022454F-C010-33E9-0F86-6F73AD1B585D}"
EndProject
Project("{B7163E72-D1CB-8442-3623-EE8351598C46}") = "WIP-game", "Assembly-UnityScript.unityproj", "{19E73BED-305A-4B33-8260-8409ACEE9908}"
EndProject
Global
	GlobalSection(SolutionConfigurationPlatforms) = preSolution
		Debug|Any CPU = Debug|Any CPU
		Release|Any CPU = Release|Any CPU
	EndGlobalSection
	GlobalSection(ProjectConfigurationPlatforms) = postSolution
		{C093BBD1-FFFC-0907-EE0C-EF29B9DBA11B}.Debug|Any CPU.ActiveCfg = Debug|Any CPU
		{C093BBD1-FFFC-0907-EE0C-EF29B9DBA11B}.Debug|Any CPU.Build.0 = Debug|Any CPU
		{C093BBD1-FFFC-0907-EE0C-EF29B9DBA11B}.Release|Any CPU.ActiveCfg = Release|Any CPU
		{C093BBD1-FFFC-0907-EE0C-EF29B9DBA11B}.Release|Any CPU.Build.0 = Release|Any CPU
		{75899515-46CD-E8AC-A634-2D6EB43893D4}.Debug|Any CPU.ActiveCfg = Debug|Any CPU
		{75899515-46CD-E8AC-A634-2D6EB43893D4}.Debug|Any CPU.Build.0 = Debug|Any CPU
		{75899515-46CD-E8AC-A634-2D6EB43893D4}.Release|Any CPU.ActiveCfg = Release|Any CPU
		{75899515-46CD-E8AC-A634-2D6EB43893D4}.Release|Any CPU.Build.0 = Release|Any CPU
		{E022454F-C010-33E9-0F86-6F73AD1B585D}.Debug|Any CPU.ActiveCfg = Debug|Any CPU
		{E022454F-C010-33E9-0F86-6F73AD1B585D}.Debug|Any CPU.Build.0 = Debug|Any CPU
		{E022454F-C010-33E9-0F86-6F73AD1B585D}.Release|Any CPU.ActiveCfg = Release|Any CPU
		{E022454F-C010-33E9-0F86-6F73AD1B585D}.Release|Any CPU.Build.0 = Release|Any CPU
		{19E73BED-305A-4B33-8260-8409ACEE9908}.Debug|Any CPU.ActiveCfg = Debug|Any CPU
		{19E73BED-305A-4B33-8260-8409ACEE9908}.Debug|Any CPU.Build.0 = Debug|Any CPU
		{19E73BED-305A-4B33-8260-8409ACEE9908}.Release|Any CPU.ActiveCfg = Release|Any CPU
		{19E73BED-305A-4B33-8260-8409ACEE9908}.Release|Any CPU.Build.0 = Release|Any CPU
	EndGlobalSection
	GlobalSection(SolutionProperties) = preSolution
		HideSolutionNode = FALSE
	EndGlobalSection
																																																																																																																			GlobalSection(MonoDevelopProperties) = preSolution
		StartupItem = Assembly-CSharp.csproj
		Policies = $0
		$0.TextStylePolicy = $1
		$1.inheritsSet = null
		$1.scope = text/x-csharp
		$0.CSharpFormattingPolicy = $2
		$2.inheritsSet = Mono
		$2.inheritsScope = text/x-csharp
		$2.scope = text/x-csharp
		$0.TextStylePolicy = $3
		$3.FileWidth = 120
		$3.TabWidth = 4
		$3.IndentWidth = 4
		$3.EolMarker = Unix
		$3.inheritsSet = Mono
		$3.inheritsScope = text/plain
		$3.scope = text/plain
	EndGlobalSection

EndGlobal
